
Microsoft Visual Studio Solution File, Format Version 12.00
# Visual Studio Version 17
VisualStudioVersion = 17.2.32630.192
MinimumVisualStudioVersion = 10.0.40219.1
Project("{FAE04EC0-301F-11D3-BF4B-00C04F79EFBC}") = "TaskOrganizer", "TaskOrganizer\TaskOrganizer.csproj", "{2BCAFDAE-26B2-494D-99B9-B300C6603843}"
EndProject
Global
	GlobalSection(SolutionConfigurationPlatforms) = preSolution
		Debug|Any CPU = Debug|Any CPU
		Release|Any CPU = Release|Any CPU
	EndGlobalSection
	GlobalSection(ProjectConfigurationPlatforms) = postSolution
		{2BCAFDAE-26B2-494D-99B9-B300C6603843}.Debug|Any CPU.ActiveCfg = Debug|Any CPU
		{2BCAFDAE-26B2-494D-99B9-B300C6603843}.Debug|Any CPU.Build.0 = Debug|Any CPU
		{2BCAFDAE-26B2-494D-99B9-B300C6603843}.Release|Any CPU.ActiveCfg = Release|Any CPU
		{2BCAFDAE-26B2-494D-99B9-B300C6603843}.Release|Any CPU.Build.0 = Release|Any CPU
	EndGlobalSection
	GlobalSection(SolutionProperties) = preSolution
		HideSolutionNode = FALSE
	EndGlobalSection
	GlobalSection(ExtensibilityGlobals) = postSolution
		SolutionGuid = {F550F706-8D4C-4F5C-8449-5E89AA2CE97A}
	EndGlobalSection
EndGlobal
